// !$*UTF8*$!
{
	archiveVersion = 1;
	classes = {
	};
	objectVersion = 50;
	objects = {

/* Begin PBXBuildFile section */
		04540D7F2701C9A300B34367 /* AppDelegate.swift in Sources */ = {isa = PBXBuildFile; fileRef = 04540D7E2701C9A300B34367 /* AppDelegate.swift */; };
		04540D812701C9A300B34367 /* SceneDelegate.swift in Sources */ = {isa = PBXBuildFile; fileRef = 04540D802701C9A300B34367 /* SceneDelegate.swift */; };
		04540D892701C9A300B34367 /* MyWeather.xcdatamodeld in Sources */ = {isa = PBXBuildFile; fileRef = 04540D872701C9A300B34367 /* MyWeather.xcdatamodeld */; };
		04540D8B2701C9A400B34367 /* Assets.xcassets in Resources */ = {isa = PBXBuildFile; fileRef = 04540D8A2701C9A400B34367 /* Assets.xcassets */; };
		04540D8E2701C9A400B34367 /* LaunchScreen.storyboard in Resources */ = {isa = PBXBuildFile; fileRef = 04540D8C2701C9A400B34367 /* LaunchScreen.storyboard */; };
		04540D992701C9A400B34367 /* MyWeatherTests.swift in Sources */ = {isa = PBXBuildFile; fileRef = 04540D982701C9A400B34367 /* MyWeatherTests.swift */; };
		04540DA42701C9A400B34367 /* MyWeatherUITests.swift in Sources */ = {isa = PBXBuildFile; fileRef = 04540DA32701C9A400B34367 /* MyWeatherUITests.swift */; };
/* End PBXBuildFile section */

/* Begin PBXContainerItemProxy section */
		04540D952701C9A400B34367 /* PBXContainerItemProxy */ = {
			isa = PBXContainerItemProxy;
			containerPortal = 04540D732701C9A300B34367 /* Project object */;
			proxyType = 1;
			remoteGlobalIDString = 04540D7A2701C9A300B34367;
			remoteInfo = MyWeather;
		};
		04540DA02701C9A400B34367 /* PBXContainerItemProxy */ = {
			isa = PBXContainerItemProxy;
			containerPortal = 04540D732701C9A300B34367 /* Project object */;
			proxyType = 1;
			remoteGlobalIDString = 04540D7A2701C9A300B34367;
			remoteInfo = MyWeather;
		};
/* End PBXContainerItemProxy section */

/* Begin PBXFileReference section */
		04540D7B2701C9A300B34367 /* MyWeather.app */ = {isa = PBXFileReference; explicitFileType = wrapper.application; includeInIndex = 0; path = MyWeather.app; sourceTree = BUILT_PRODUCTS_DIR; };
		04540D7E2701C9A300B34367 /* AppDelegate.swift */ = {isa = PBXFileReference; lastKnownFileType = sourcecode.swift; path = AppDelegate.swift; sourceTree = "<group>"; };
		04540D802701C9A300B34367 /* SceneDelegate.swift */ = {isa = PBXFileReference; lastKnownFileType = sourcecode.swift; path = SceneDelegate.swift; sourceTree = "<group>"; };
		04540D882701C9A300B34367 /* MyWeather.xcdatamodel */ = {isa = PBXFileReference; lastKnownFileType = wrapper.xcdatamodel; path = MyWeather.xcdatamodel; sourceTree = "<group>"; };
		04540D8A2701C9A400B34367 /* Assets.xcassets */ = {isa = PBXFileReference; lastKnownFileType = folder.assetcatalog; path = Assets.xcassets; sourceTree = "<group>"; };
		04540D8D2701C9A400B34367 /* Base */ = {isa = PBXFileReference; lastKnownFileType = file.storyboard; name = Base; path = Base.lproj/LaunchScreen.storyboard; sourceTree = "<group>"; };
		04540D8F2701C9A400B34367 /* Info.plist */ = {isa = PBXFileReference; lastKnownFileType = text.plist.xml; path = Info.plist; sourceTree = "<group>"; };
		04540D942701C9A400B34367 /* MyWeatherTests.xctest */ = {isa = PBXFileReference; explicitFileType = wrapper.cfbundle; includeInIndex = 0; path = MyWeatherTests.xctest; sourceTree = BUILT_PRODUCTS_DIR; };
		04540D982701C9A400B34367 /* MyWeatherTests.swift */ = {isa = PBXFileReference; lastKnownFileType = sourcecode.swift; path = MyWeatherTests.swift; sourceTree = "<group>"; };
		04540D9A2701C9A400B34367 /* Info.plist */ = {isa = PBXFileReference; lastKnownFileType = text.plist.xml; path = Info.plist; sourceTree = "<group>"; };
		04540D9F2701C9A400B34367 /* MyWeatherUITests.xctest */ = {isa = PBXFileReference; explicitFileType = wrapper.cfbundle; includeInIndex = 0; path = MyWeatherUITests.xctest; sourceTree = BUILT_PRODUCTS_DIR; };
		04540DA32701C9A400B34367 /* MyWeatherUITests.swift */ = {isa = PBXFileReference; lastKnownFileType = sourcecode.swift; path = MyWeatherUITests.swift; sourceTree = "<group>"; };
		04540DA52701C9A400B34367 /* Info.plist */ = {isa = PBXFileReference; lastKnownFileType = text.plist.xml; path = Info.plist; sourceTree = "<group>"; };
/* End PBXFileReference section */

/* Begin PBXFrameworksBuildPhase section */
		04540D782701C9A300B34367 /* Frameworks */ = {
			isa = PBXFrameworksBuildPhase;
			buildActionMask = 2147483647;
			files = (
			);
			runOnlyForDeploymentPostprocessing = 0;
		};
		04540D912701C9A400B34367 /* Frameworks */ = {
			isa = PBXFrameworksBuildPhase;
			buildActionMask = 2147483647;
			files = (
			);
			runOnlyForDeploymentPostprocessing = 0;
		};
		04540D9C2701C9A400B34367 /* Frameworks */ = {
			isa = PBXFrameworksBuildPhase;
			buildActionMask = 2147483647;
			files = (
			);
			runOnlyForDeploymentPostprocessing = 0;
		};
/* End PBXFrameworksBuildPhase section */

/* Begin PBXGroup section */
		04540D722701C9A300B34367 = {
			isa = PBXGroup;
			children = (
				04540D7D2701C9A300B34367 /* MyWeather */,
				04540D972701C9A400B34367 /* MyWeatherTests */,
				04540DA22701C9A400B34367 /* MyWeatherUITests */,
				04540D7C2701C9A300B34367 /* Products */,
			);
			sourceTree = "<group>";
		};
		04540D7C2701C9A300B34367 /* Products */ = {
			isa = PBXGroup;
			children = (
				04540D7B2701C9A300B34367 /* MyWeather.app */,
				04540D942701C9A400B34367 /* MyWeatherTests.xctest */,
				04540D9F2701C9A400B34367 /* MyWeatherUITests.xctest */,
			);
			name = Products;
			sourceTree = "<group>";
		};
		04540D7D2701C9A300B34367 /* MyWeather */ = {
			isa = PBXGroup;
			children = (
				04540DBB2701CA1700B34367 /* App */,
				04540DBA2701CA0400B34367 /* Modules */,
			);
			path = MyWeather;
			sourceTree = "<group>";
		};
		04540D972701C9A400B34367 /* MyWeatherTests */ = {
			isa = PBXGroup;
			children = (
				04540D982701C9A400B34367 /* MyWeatherTests.swift */,
				04540D9A2701C9A400B34367 /* Info.plist */,
			);
			path = MyWeatherTests;
			sourceTree = "<group>";
		};
		04540DA22701C9A400B34367 /* MyWeatherUITests */ = {
			isa = PBXGroup;
			children = (
				04540DA32701C9A400B34367 /* MyWeatherUITests.swift */,
				04540DA52701C9A400B34367 /* Info.plist */,
			);
			path = MyWeatherUITests;
			sourceTree = "<group>";
		};
		04540DBA2701CA0400B34367 /* Modules */ = {
			isa = PBXGroup;
			children = (
			);
			path = Modules;
			sourceTree = "<group>";
		};
		04540DBB2701CA1700B34367 /* App */ = {
			isa = PBXGroup;
			children = (
				04540DC12701CA6C00B34367 /* SupportingFiles */,
				04540DC02701CA6400B34367 /* Resources */,
				04540DBF2701CA5800B34367 /* Externals */,
				04540DBE2701CA4D00B34367 /* Extensions */,
				04540DBD2701CA3800B34367 /* Configuration */,
				04540DBC2701CA3000B34367 /* App */,
			);
			path = App;
			sourceTree = "<group>";
		};
		04540DBC2701CA3000B34367 /* App */ = {
			isa = PBXGroup;
			children = (
				04540D7E2701C9A300B34367 /* AppDelegate.swift */,
				04540D802701C9A300B34367 /* SceneDelegate.swift */,
			);
			path = App;
			sourceTree = "<group>";
		};
		04540DBD2701CA3800B34367 /* Configuration */ = {
			isa = PBXGroup;
			children = (
				04540D8F2701C9A400B34367 /* Info.plist */,
			);
			path = Configuration;
			sourceTree = "<group>";
		};
		04540DBE2701CA4D00B34367 /* Extensions */ = {
			isa = PBXGroup;
			children = (
			);
			path = Extensions;
			sourceTree = "<group>";
		};
		04540DBF2701CA5800B34367 /* Externals */ = {
			isa = PBXGroup;
			children = (
				04540DC42701CB9E00B34367 /* Network */,
				04540DC32701CB8500B34367 /* Router */,
				04540DC22701CB6700B34367 /* CoreData */,
			);
			path = Externals;
			sourceTree = "<group>";
		};
		04540DC02701CA6400B34367 /* Resources */ = {
			isa = PBXGroup;
			children = (
				04540D8C2701C9A400B34367 /* LaunchScreen.storyboard */,
				04540D8A2701C9A400B34367 /* Assets.xcassets */,
			);
			path = Resources;
			sourceTree = "<group>";
		};
		04540DC12701CA6C00B34367 /* SupportingFiles */ = {
			isa = PBXGroup;
			children = (
			);
			path = SupportingFiles;
			sourceTree = "<group>";
		};
		04540DC22701CB6700B34367 /* CoreData */ = {
			isa = PBXGroup;
			children = (
				04540D872701C9A300B34367 /* MyWeather.xcdatamodeld */,
			);
			path = CoreData;
			sourceTree = "<group>";
		};
		04540DC32701CB8500B34367 /* Router */ = {
			isa = PBXGroup;
			children = (
			);
			path = Router;
			sourceTree = "<group>";
		};
		04540DC42701CB9E00B34367 /* Network */ = {
			isa = PBXGroup;
			children = (
			);
			path = Network;
			sourceTree = "<group>";
		};
/* End PBXGroup section */

/* Begin PBXNativeTarget section */
		04540D7A2701C9A300B34367 /* MyWeather */ = {
			isa = PBXNativeTarget;
			buildConfigurationList = 04540DA82701C9A400B34367 /* Build configuration list for PBXNativeTarget "MyWeather" */;
			buildPhases = (
				04540D772701C9A300B34367 /* Sources */,
				04540D782701C9A300B34367 /* Frameworks */,
				04540D792701C9A300B34367 /* Resources */,
			);
			buildRules = (
			);
			dependencies = (
			);
			name = MyWeather;
			productName = MyWeather;
			productReference = 04540D7B2701C9A300B34367 /* MyWeather.app */;
			productType = "com.apple.product-type.application";
		};
		04540D932701C9A400B34367 /* MyWeatherTests */ = {
			isa = PBXNativeTarget;
			buildConfigurationList = 04540DAB2701C9A400B34367 /* Build configuration list for PBXNativeTarget "MyWeatherTests" */;
			buildPhases = (
				04540D902701C9A400B34367 /* Sources */,
				04540D912701C9A400B34367 /* Frameworks */,
				04540D922701C9A400B34367 /* Resources */,
			);
			buildRules = (
			);
			dependencies = (
				04540D962701C9A400B34367 /* PBXTargetDependency */,
			);
			name = MyWeatherTests;
			productName = MyWeatherTests;
			productReference = 04540D942701C9A400B34367 /* MyWeatherTests.xctest */;
			productType = "com.apple.product-type.bundle.unit-test";
		};
		04540D9E2701C9A400B34367 /* MyWeatherUITests */ = {
			isa = PBXNativeTarget;
			buildConfigurationList = 04540DAE2701C9A400B34367 /* Build configuration list for PBXNativeTarget "MyWeatherUITests" */;
			buildPhases = (
				04540D9B2701C9A400B34367 /* Sources */,
				04540D9C2701C9A400B34367 /* Frameworks */,
				04540D9D2701C9A400B34367 /* Resources */,
			);
			buildRules = (
			);
			dependencies = (
				04540DA12701C9A400B34367 /* PBXTargetDependency */,
			);
			name = MyWeatherUITests;
			productName = MyWeatherUITests;
			productReference = 04540D9F2701C9A400B34367 /* MyWeatherUITests.xctest */;
			productType = "com.apple.product-type.bundle.ui-testing";
		};
/* End PBXNativeTarget section */

/* Begin PBXProject section */
		04540D732701C9A300B34367 /* Project object */ = {
			isa = PBXProject;
			attributes = {
				LastSwiftUpdateCheck = 1240;
				LastUpgradeCheck = 1240;
				TargetAttributes = {
					04540D7A2701C9A300B34367 = {
						CreatedOnToolsVersion = 12.4;
					};
					04540D932701C9A400B34367 = {
						CreatedOnToolsVersion = 12.4;
						TestTargetID = 04540D7A2701C9A300B34367;
					};
					04540D9E2701C9A400B34367 = {
						CreatedOnToolsVersion = 12.4;
						TestTargetID = 04540D7A2701C9A300B34367;
					};
				};
			};
			buildConfigurationList = 04540D762701C9A300B34367 /* Build configuration list for PBXProject "MyWeather" */;
			compatibilityVersion = "Xcode 9.3";
			developmentRegion = en;
			hasScannedForEncodings = 0;
			knownRegions = (
				en,
				Base,
			);
			mainGroup = 04540D722701C9A300B34367;
			productRefGroup = 04540D7C2701C9A300B34367 /* Products */;
			projectDirPath = "";
			projectRoot = "";
			targets = (
				04540D7A2701C9A300B34367 /* MyWeather */,
				04540D932701C9A400B34367 /* MyWeatherTests */,
				04540D9E2701C9A400B34367 /* MyWeatherUITests */,
			);
		};
/* End PBXProject section */

/* Begin PBXResourcesBuildPhase section */
		04540D792701C9A300B34367 /* Resources */ = {
			isa = PBXResourcesBuildPhase;
			buildActionMask = 2147483647;
			files = (
				04540D8E2701C9A400B34367 /* LaunchScreen.storyboard in Resources */,
				04540D8B2701C9A400B34367 /* Assets.xcassets in Resources */,
			);
			runOnlyForDeploymentPostprocessing = 0;
		};
		04540D922701C9A400B34367 /* Resources */ = {
			isa = PBXResourcesBuildPhase;
			buildActionMask = 2147483647;
			files = (
			);
			runOnlyForDeploymentPostprocessing = 0;
		};
		04540D9D2701C9A400B34367 /* Resources */ = {
			isa = PBXResourcesBuildPhase;
			buildActionMask = 2147483647;
			files = (
			);
			runOnlyForDeploymentPostprocessing = 0;
		};
/* End PBXResourcesBuildPhase section */

/* Begin PBXSourcesBuildPhase section */
		04540D772701C9A300B34367 /* Sources */ = {
			isa = PBXSourcesBuildPhase;
			buildActionMask = 2147483647;
			files = (
				04540D892701C9A300B34367 /* MyWeather.xcdatamodeld in Sources */,
				04540D7F2701C9A300B34367 /* AppDelegate.swift in Sources */,
				04540D812701C9A300B34367 /* SceneDelegate.swift in Sources */,
			);
			runOnlyForDeploymentPostprocessing = 0;
		};
		04540D902701C9A400B34367 /* Sources */ = {
			isa = PBXSourcesBuildPhase;
			buildActionMask = 2147483647;
			files = (
				04540D992701C9A400B34367 /* MyWeatherTests.swift in Sources */,
			);
			runOnlyForDeploymentPostprocessing = 0;
		};
		04540D9B2701C9A400B34367 /* Sources */ = {
			isa = PBXSourcesBuildPhase;
			buildActionMask = 2147483647;
			files = (
				04540DA42701C9A400B34367 /* MyWeatherUITests.swift in Sources */,
			);
			runOnlyForDeploymentPostprocessing = 0;
		};
/* End PBXSourcesBuildPhase section */

/* Begin PBXTargetDependency section */
		04540D962701C9A400B34367 /* PBXTargetDependency */ = {
			isa = PBXTargetDependency;
			target = 04540D7A2701C9A300B34367 /* MyWeather */;
			targetProxy = 04540D952701C9A400B34367 /* PBXContainerItemProxy */;
		};
		04540DA12701C9A400B34367 /* PBXTargetDependency */ = {
			isa = PBXTargetDependency;
			target = 04540D7A2701C9A300B34367 /* MyWeather */;
			targetProxy = 04540DA02701C9A400B34367 /* PBXContainerItemProxy */;
		};
/* End PBXTargetDependency section */

/* Begin PBXVariantGroup section */
		04540D8C2701C9A400B34367 /* LaunchScreen.storyboard */ = {
			isa = PBXVariantGroup;
			children = (
				04540D8D2701C9A400B34367 /* Base */,
			);
			name = LaunchScreen.storyboard;
			sourceTree = "<group>";
		};
/* End PBXVariantGroup section */

/* Begin XCBuildConfiguration section */
		04540DA62701C9A400B34367 /* Debug */ = {
			isa = XCBuildConfiguration;
			buildSettings = {
				ALWAYS_SEARCH_USER_PATHS = NO;
				CLANG_ANALYZER_NONNULL = YES;
				CLANG_ANALYZER_NUMBER_OBJECT_CONVERSION = YES_AGGRESSIVE;
				CLANG_CXX_LANGUAGE_STANDARD = "gnu++14";
				CLANG_CXX_LIBRARY = "libc++";
				CLANG_ENABLE_MODULES = YES;
				CLANG_ENABLE_OBJC_ARC = YES;
				CLANG_ENABLE_OBJC_WEAK = YES;
				CLANG_WARN_BLOCK_CAPTURE_AUTORELEASING = YES;
				CLANG_WARN_BOOL_CONVERSION = YES;
				CLANG_WARN_COMMA = YES;
				CLANG_WARN_CONSTANT_CONVERSION = YES;
				CLANG_WARN_DEPRECATED_OBJC_IMPLEMENTATIONS = YES;
				CLANG_WARN_DIRECT_OBJC_ISA_USAGE = YES_ERROR;
				CLANG_WARN_DOCUMENTATION_COMMENTS = YES;
				CLANG_WARN_EMPTY_BODY = YES;
				CLANG_WARN_ENUM_CONVERSION = YES;
				CLANG_WARN_INFINITE_RECURSION = YES;
				CLANG_WARN_INT_CONVERSION = YES;
				CLANG_WARN_NON_LITERAL_NULL_CONVERSION = YES;
				CLANG_WARN_OBJC_IMPLICIT_RETAIN_SELF = YES;
				CLANG_WARN_OBJC_LITERAL_CONVERSION = YES;
				CLANG_WARN_OBJC_ROOT_CLASS = YES_ERROR;
				CLANG_WARN_QUOTED_INCLUDE_IN_FRAMEWORK_HEADER = YES;
				CLANG_WARN_RANGE_LOOP_ANALYSIS = YES;
				CLANG_WARN_STRICT_PROTOTYPES = YES;
				CLANG_WARN_SUSPICIOUS_MOVE = YES;
				CLANG_WARN_UNGUARDED_AVAILABILITY = YES_AGGRESSIVE;
				CLANG_WARN_UNREACHABLE_CODE = YES;
				CLANG_WARN__DUPLICATE_METHOD_MATCH = YES;
				COPY_PHASE_STRIP = NO;
				DEBUG_INFORMATION_FORMAT = dwarf;
				ENABLE_STRICT_OBJC_MSGSEND = YES;
				ENABLE_TESTABILITY = YES;
				GCC_C_LANGUAGE_STANDARD = gnu11;
				GCC_DYNAMIC_NO_PIC = NO;
				GCC_NO_COMMON_BLOCKS = YES;
				GCC_OPTIMIZATION_LEVEL = 0;
				GCC_PREPROCESSOR_DEFINITIONS = (
					"DEBUG=1",
					"$(inherited)",
				);
				GCC_WARN_64_TO_32_BIT_CONVERSION = YES;
				GCC_WARN_ABOUT_RETURN_TYPE = YES_ERROR;
				GCC_WARN_UNDECLARED_SELECTOR = YES;
				GCC_WARN_UNINITIALIZED_AUTOS = YES_AGGRESSIVE;
				GCC_WARN_UNUSED_FUNCTION = YES;
				GCC_WARN_UNUSED_VARIABLE = YES;
				IPHONEOS_DEPLOYMENT_TARGET = 12.1;
				MTL_ENABLE_DEBUG_INFO = INCLUDE_SOURCE;
				MTL_FAST_MATH = YES;
				ONLY_ACTIVE_ARCH = YES;
				SDKROOT = iphoneos;
				SWIFT_ACTIVE_COMPILATION_CONDITIONS = DEBUG;
				SWIFT_OPTIMIZATION_LEVEL = "-Onone";
			};
			name = Debug;
		};
		04540DA72701C9A400B34367 /* Release */ = {
			isa = XCBuildConfiguration;
			buildSettings = {
				ALWAYS_SEARCH_USER_PATHS = NO;
				CLANG_ANALYZER_NONNULL = YES;
				CLANG_ANALYZER_NUMBER_OBJECT_CONVERSION = YES_AGGRESSIVE;
				CLANG_CXX_LANGUAGE_STANDARD = "gnu++14";
				CLANG_CXX_LIBRARY = "libc++";
				CLANG_ENABLE_MODULES = YES;
				CLANG_ENABLE_OBJC_ARC = YES;
				CLANG_ENABLE_OBJC_WEAK = YES;
				CLANG_WARN_BLOCK_CAPTURE_AUTORELEASING = YES;
				CLANG_WARN_BOOL_CONVERSION = YES;
				CLANG_WARN_COMMA = YES;
				CLANG_WARN_CONSTANT_CONVERSION = YES;
				CLANG_WARN_DEPRECATED_OBJC_IMPLEMENTATIONS = YES;
				CLANG_WARN_DIRECT_OBJC_ISA_USAGE = YES_ERROR;
				CLANG_WARN_DOCUMENTATION_COMMENTS = YES;
				CLANG_WARN_EMPTY_BODY = YES;
				CLANG_WARN_ENUM_CONVERSION = YES;
				CLANG_WARN_INFINITE_RECURSION = YES;
				CLANG_WARN_INT_CONVERSION = YES;
				CLANG_WARN_NON_LITERAL_NULL_CONVERSION = YES;
				CLANG_WARN_OBJC_IMPLICIT_RETAIN_SELF = YES;
				CLANG_WARN_OBJC_LITERAL_CONVERSION = YES;
				CLANG_WARN_OBJC_ROOT_CLASS = YES_ERROR;
				CLANG_WARN_QUOTED_INCLUDE_IN_FRAMEWORK_HEADER = YES;
				CLANG_WARN_RANGE_LOOP_ANALYSIS = YES;
				CLANG_WARN_STRICT_PROTOTYPES = YES;
				CLANG_WARN_SUSPICIOUS_MOVE = YES;
				CLANG_WARN_UNGUARDED_AVAILABILITY = YES_AGGRESSIVE;
				CLANG_WARN_UNREACHABLE_CODE = YES;
				CLANG_WARN__DUPLICATE_METHOD_MATCH = YES;
				COPY_PHASE_STRIP = NO;
				DEBUG_INFORMATION_FORMAT = "dwarf-with-dsym";
				ENABLE_NS_ASSERTIONS = NO;
				ENABLE_STRICT_OBJC_MSGSEND = YES;
				GCC_C_LANGUAGE_STANDARD = gnu11;
				GCC_NO_COMMON_BLOCKS = YES;
				GCC_WARN_64_TO_32_BIT_CONVERSION = YES;
				GCC_WARN_ABOUT_RETURN_TYPE = YES_ERROR;
				GCC_WARN_UNDECLARED_SELECTOR = YES;
				GCC_WARN_UNINITIALIZED_AUTOS = YES_AGGRESSIVE;
				GCC_WARN_UNUSED_FUNCTION = YES;
				GCC_WARN_UNUSED_VARIABLE = YES;
				IPHONEOS_DEPLOYMENT_TARGET = 12.1;
				MTL_ENABLE_DEBUG_INFO = NO;
				MTL_FAST_MATH = YES;
				SDKROOT = iphoneos;
				SWIFT_COMPILATION_MODE = wholemodule;
				SWIFT_OPTIMIZATION_LEVEL = "-O";
				VALIDATE_PRODUCT = YES;
			};
			name = Release;
		};
		04540DA92701C9A400B34367 /* Debug */ = {
			isa = XCBuildConfiguration;
			buildSettings = {
				ASSETCATALOG_COMPILER_APPICON_NAME = AppIcon;
				ASSETCATALOG_COMPILER_GLOBAL_ACCENT_COLOR_NAME = AccentColor;
				CODE_SIGN_STYLE = Automatic;
				DEVELOPMENT_TEAM = GLBMX2MFLL;
				INFOPLIST_FILE = "$(SRCROOT)/MyWeather/App/Configuration/Info.plist";
				IPHONEOS_DEPLOYMENT_TARGET = 12.1;
				LD_RUNPATH_SEARCH_PATHS = (
					"$(inherited)",
					"@executable_path/Frameworks",
				);
				PRODUCT_BUNDLE_IDENTIFIER = eg.edu.must.aitc.MyWeather;
				PRODUCT_NAME = "$(TARGET_NAME)";
				SWIFT_VERSION = 5.0;
				TARGETED_DEVICE_FAMILY = "1,2";
			};
			name = Debug;
		};
		04540DAA2701C9A400B34367 /* Release */ = {
			isa = XCBuildConfiguration;
			buildSettings = {
				ASSETCATALOG_COMPILER_APPICON_NAME = AppIcon;
				ASSETCATALOG_COMPILER_GLOBAL_ACCENT_COLOR_NAME = AccentColor;
				CODE_SIGN_STYLE = Automatic;
				DEVELOPMENT_TEAM = GLBMX2MFLL;
				INFOPLIST_FILE = "$(SRCROOT)/MyWeather/App/Configuration/Info.plist";
				IPHONEOS_DEPLOYMENT_TARGET = 12.1;
				LD_RUNPATH_SEARCH_PATHS = (
					"$(inherited)",
					"@executable_path/Frameworks",
				);
				PRODUCT_BUNDLE_IDENTIFIER = eg.edu.must.aitc.MyWeather;
				PRODUCT_NAME = "$(TARGET_NAME)";
				SWIFT_VERSION = 5.0;
				TARGETED_DEVICE_FAMILY = "1,2";
			};
			name = Release;
		};
		04540DAC2701C9A400B34367 /* Debug */ = {
			isa = XCBuildConfiguration;
			buildSettings = {
				ALWAYS_EMBED_SWIFT_STANDARD_LIBRARIES = YES;
				BUNDLE_LOADER = "$(TEST_HOST)";
				CODE_SIGN_STYLE = Automatic;
				DEVELOPMENT_TEAM = GLBMX2MFLL;
				INFOPLIST_FILE = MyWeatherTests/Info.plist;
				IPHONEOS_DEPLOYMENT_TARGET = 14.4;
				LD_RUNPATH_SEARCH_PATHS = (
					"$(inherited)",
					"@executable_path/Frameworks",
					"@loader_path/Frameworks",
				);
				PRODUCT_BUNDLE_IDENTIFIER = eg.edu.must.aitc.MyWeatherTests;
				PRODUCT_NAME = "$(TARGET_NAME)";
				SWIFT_VERSION = 5.0;
				TARGETED_DEVICE_FAMILY = "1,2";
				TEST_HOST = "$(BUILT_PRODUCTS_DIR)/MyWeather.app/MyWeather";
			};
			name = Debug;
		};
		04540DAD2701C9A400B34367 /* Release */ = {
			isa = XCBuildConfiguration;
			buildSettings = {
				ALWAYS_EMBED_SWIFT_STANDARD_LIBRARIES = YES;
				BUNDLE_LOADER = "$(TEST_HOST)";
				CODE_SIGN_STYLE = Automatic;
				DEVELOPMENT_TEAM = GLBMX2MFLL;
				INFOPLIST_FILE = MyWeatherTests/Info.plist;
				IPHONEOS_DEPLOYMENT_TARGET = 14.4;
				LD_RUNPATH_SEARCH_PATHS = (
					"$(inherited)",
					"@executable_path/Frameworks",
					"@loader_path/Frameworks",
				);
				PRODUCT_BUNDLE_IDENTIFIER = eg.edu.must.aitc.MyWeatherTests;
				PRODUCT_NAME = "$(TARGET_NAME)";
				SWIFT_VERSION = 5.0;
				TARGETED_DEVICE_FAMILY = "1,2";
				TEST_HOST = "$(BUILT_PRODUCTS_DIR)/MyWeather.app/MyWeather";
			};
			name = Release;
		};
		04540DAF2701C9A400B34367 /* Debug */ = {
			isa = XCBuildConfiguration;
			buildSettings = {
				ALWAYS_EMBED_SWIFT_STANDARD_LIBRARIES = YES;
				CODE_SIGN_STYLE = Automatic;
				DEVELOPMENT_TEAM = GLBMX2MFLL;
				INFOPLIST_FILE = MyWeatherUITests/Info.plist;
				LD_RUNPATH_SEARCH_PATHS = (
					"$(inherited)",
					"@executable_path/Frameworks",
					"@loader_path/Frameworks",
				);
				PRODUCT_BUNDLE_IDENTIFIER = eg.edu.must.aitc.MyWeatherUITests;
				PRODUCT_NAME = "$(TARGET_NAME)";
				SWIFT_VERSION = 5.0;
				TARGETED_DEVICE_FAMILY = "1,2";
				TEST_TARGET_NAME = MyWeather;
			};
			name = Debug;
		};
		04540DB02701C9A400B34367 /* Release */ = {
			isa = XCBuildConfiguration;
			buildSettings = {
				ALWAYS_EMBED_SWIFT_STANDARD_LIBRARIES = YES;
				CODE_SIGN_STYLE = Automatic;
				DEVELOPMENT_TEAM = GLBMX2MFLL;
				INFOPLIST_FILE = MyWeatherUITests/Info.plist;
				LD_RUNPATH_SEARCH_PATHS = (
					"$(inherited)",
					"@executable_path/Frameworks",
					"@loader_path/Frameworks",
				);
				PRODUCT_BUNDLE_IDENTIFIER = eg.edu.must.aitc.MyWeatherUITests;
				PRODUCT_NAME = "$(TARGET_NAME)";
				SWIFT_VERSION = 5.0;
				TARGETED_DEVICE_FAMILY = "1,2";
				TEST_TARGET_NAME = MyWeather;
			};
			name = Release;
		};
/* End XCBuildConfiguration section */

/* Begin XCConfigurationList section */
		04540D762701C9A300B34367 /* Build configuration list for PBXProject "MyWeather" */ = {
			isa = XCConfigurationList;
			buildConfigurations = (
				04540DA62701C9A400B34367 /* Debug */,
				04540DA72701C9A400B34367 /* Release */,
			);
			defaultConfigurationIsVisible = 0;
			defaultConfigurationName = Release;
		};
		04540DA82701C9A400B34367 /* Build configuration list for PBXNativeTarget "MyWeather" */ = {
			isa = XCConfigurationList;
			buildConfigurations = (
				04540DA92701C9A400B34367 /* Debug */,
				04540DAA2701C9A400B34367 /* Release */,
			);
			defaultConfigurationIsVisible = 0;
			defaultConfigurationName = Release;
		};
		04540DAB2701C9A400B34367 /* Build configuration list for PBXNativeTarget "MyWeatherTests" */ = {
			isa = XCConfigurationList;
			buildConfigurations = (
				04540DAC2701C9A400B34367 /* Debug */,
				04540DAD2701C9A400B34367 /* Release */,
			);
			defaultConfigurationIsVisible = 0;
			defaultConfigurationName = Release;
		};
		04540DAE2701C9A400B34367 /* Build configuration list for PBXNativeTarget "MyWeatherUITests" */ = {
			isa = XCConfigurationList;
			buildConfigurations = (
				04540DAF2701C9A400B34367 /* Debug */,
				04540DB02701C9A400B34367 /* Release */,
			);
			defaultConfigurationIsVisible = 0;
			defaultConfigurationName = Release;
		};
/* End XCConfigurationList section */

/* Begin XCVersionGroup section */
		04540D872701C9A300B34367 /* MyWeather.xcdatamodeld */ = {
			isa = XCVersionGroup;
			children = (
				04540D882701C9A300B34367 /* MyWeather.xcdatamodel */,
			);
			currentVersion = 04540D882701C9A300B34367 /* MyWeather.xcdatamodel */;
			path = MyWeather.xcdatamodeld;
			sourceTree = "<group>";
			versionGroupType = wrapper.xcdatamodel;
		};
/* End XCVersionGroup section */
	};
	rootObject = 04540D732701C9A300B34367 /* Project object */;
}
